
Microsoft Visual Studio Solution File, Format Version 12.00
# Visual Studio Version 17
VisualStudioVersion = 17.3.32922.545
MinimumVisualStudioVersion = 10.0.40219.1
Project("{9A19103F-16F7-4668-BE54-9A1E7A4F7556}") = "ToDoListProject", "ToDoListProject\ToDoListProject.csproj", "{BF44D260-2C57-4DD4-8816-D85775ED1558}"
EndProject
Project("{9A19103F-16F7-4668-BE54-9A1E7A4F7556}") = "ToDoListProject.DbModel", "ToDoListProject.DbModel\ToDoListProject.DbModel.csproj", "{C008645F-CD62-4224-BBF7-4A01FF13B957}"
EndProject
Project("{FAE04EC0-301F-11D3-BF4B-00C04F79EFBC}") = "ToDoListProject.Core", "ToDoListProject.Core\ToDoListProject.Core.csproj", "{BC534C5C-49B6-4B6F-8CF8-5B37331D56D0}"
EndProject
Project("{FAE04EC0-301F-11D3-BF4B-00C04F79EFBC}") = "ToDoListProject.ModelViews", "ToDoListProject.ModelViews\ToDoListProject.ModelViews.csproj", "{5D27163E-C62D-47D8-80EB-B4B83C1937A5}"
EndProject
Project("{FAE04EC0-301F-11D3-BF4B-00C04F79EFBC}") = "ToDoListProject.Common", "ToDoListProject.Common\ToDoListProject.Common.csproj", "{1D5A5434-2DC9-4AAF-8A36-3552469194EA}"
EndProject
Global
	GlobalSection(SolutionConfigurationPlatforms) = preSolution
		Debug|Any CPU = Debug|Any CPU
		Release|Any CPU = Release|Any CPU
	EndGlobalSection
	GlobalSection(ProjectConfigurationPlatforms) = postSolution
		{BF44D260-2C57-4DD4-8816-D85775ED1558}.Debug|Any CPU.ActiveCfg = Debug|Any CPU
		{BF44D260-2C57-4DD4-8816-D85775ED1558}.Debug|Any CPU.Build.0 = Debug|Any CPU
		{BF44D260-2C57-4DD4-8816-D85775ED1558}.Release|Any CPU.ActiveCfg = Release|Any CPU
		{BF44D260-2C57-4DD4-8816-D85775ED1558}.Release|Any CPU.Build.0 = Release|Any CPU
		{C008645F-CD62-4224-BBF7-4A01FF13B957}.Debug|Any CPU.ActiveCfg = Debug|Any CPU
		{C008645F-CD62-4224-BBF7-4A01FF13B957}.Debug|Any CPU.Build.0 = Debug|Any CPU
		{C008645F-CD62-4224-BBF7-4A01FF13B957}.Release|Any CPU.ActiveCfg = Release|Any CPU
		{C008645F-CD62-4224-BBF7-4A01FF13B957}.Release|Any CPU.Build.0 = Release|Any CPU
		{BC534C5C-49B6-4B6F-8CF8-5B37331D56D0}.Debug|Any CPU.ActiveCfg = Debug|Any CPU
		{BC534C5C-49B6-4B6F-8CF8-5B37331D56D0}.Debug|Any CPU.Build.0 = Debug|Any CPU
		{BC534C5C-49B6-4B6F-8CF8-5B37331D56D0}.Release|Any CPU.ActiveCfg = Release|Any CPU
		{BC534C5C-49B6-4B6F-8CF8-5B37331D56D0}.Release|Any CPU.Build.0 = Release|Any CPU
		{5D27163E-C62D-47D8-80EB-B4B83C1937A5}.Debug|Any CPU.ActiveCfg = Debug|Any CPU
		{5D27163E-C62D-47D8-80EB-B4B83C1937A5}.Debug|Any CPU.Build.0 = Debug|Any CPU
		{5D27163E-C62D-47D8-80EB-B4B83C1937A5}.Release|Any CPU.ActiveCfg = Release|Any CPU
		{5D27163E-C62D-47D8-80EB-B4B83C1937A5}.Release|Any CPU.Build.0 = Release|Any CPU
		{1D5A5434-2DC9-4AAF-8A36-3552469194EA}.Debug|Any CPU.ActiveCfg = Debug|Any CPU
		{1D5A5434-2DC9-4AAF-8A36-3552469194EA}.Debug|Any CPU.Build.0 = Debug|Any CPU
		{1D5A5434-2DC9-4AAF-8A36-3552469194EA}.Release|Any CPU.ActiveCfg = Release|Any CPU
		{1D5A5434-2DC9-4AAF-8A36-3552469194EA}.Release|Any CPU.Build.0 = Release|Any CPU
	EndGlobalSection
	GlobalSection(SolutionProperties) = preSolution
		HideSolutionNode = FALSE
	EndGlobalSection
	GlobalSection(ExtensibilityGlobals) = postSolution
		SolutionGuid = {78435C30-F57C-4857-8694-C2B83907E1E1}
	EndGlobalSection
EndGlobal
